# THIS IS AN AUTOGENERATED FILE. DO NOT EDIT THIS FILE DIRECTLY.
# yarn lockfile v1


ask-sdk-core@^2.5.1:
  version "2.5.1"
  resolved "https://registry.yarnpkg.com/ask-sdk-core/-/ask-sdk-core-2.5.1.tgz#ee0287653d13ea55995e94e5399de0e5e7711a41"
  dependencies:
    ask-sdk-runtime "^2.4.0"

ask-sdk-model@^1.15.0:
  version "1.15.0"
  resolved "https://registry.yarnpkg.com/ask-sdk-model/-/ask-sdk-model-1.15.0.tgz#b4a67e6c8373644959325f9eb9ae611f7c6de00c"

ask-sdk-runtime@^2.4.0:
  version "2.4.0"
  resolved "https://registry.yarnpkg.com/ask-sdk-runtime/-/ask-sdk-runtime-2.4.0.tgz#ebdb213fee934f81c751dc783266de4a1bc155db"
